lockfileVersion: '6.0'

settings:
  autoInstallPeers: true
  excludeLinksFromLockfile: false

dependencies:
  class-variance-authority:
    specifier: ^0.7.0
    version: 0.7.0
  tailwind-merge:
    specifier: ^2.2.2
    version: 2.3.0

packages:

  /@babel/runtime@7.24.5:
    resolution: {integrity: sha512-Nms86NXrsaeU9vbBJKni6gXiEXZ4CVpYVzEjDH9Sb8vmZ3UljyA1GSOJl/6LGPO8EHLuSF9H+IxNXHPX8QHJ4g==}
    engines: {node: '>=6.9.0'}
    dependencies:
      regenerator-runtime: 0.14.1
    dev: false

  /class-variance-authority@0.7.0:
    resolution: {integrity: sha512-jFI8IQw4hczaL4ALINxqLEXQbWcNjoSkloa4IaufXCJr6QawJyw7tuRysRsrE8w2p/4gGaxKIt/hX3qz/IbD1A==}
    dependencies:
      clsx: 2.0.0
    dev: false

  /clsx@2.0.0:
    resolution: {integrity: sha512-rQ1+kcj+ttHG0MKVGBUXwayCCF1oh39BF5COIpRzuCEv8Mwjv0XucrI2ExNTOn9IlLifGClWQcU9BrZORvtw6Q==}
    engines: {node: '>=6'}
    dev: false

  /regenerator-runtime@0.14.1:
    resolution: {integrity: sha512-dYnhHh0nJoMfnkZs6GmmhFknAGRrLznOu5nc9ML+EJxGvrx6H7teuevqVqCuPcPK//3eDrrjQhehXVx9cnkGdw==}
    dev: false

  /tailwind-merge@2.3.0:
    resolution: {integrity: sha512-vkYrLpIP+lgR0tQCG6AP7zZXCTLc1Lnv/CCRT3BqJ9CZ3ui2++GPaGb1x/ILsINIMSYqqvrpqjUFsMNLlW99EA==}
    dependencies:
      '@babel/runtime': 7.24.5
    dev: false
